// !$*UTF8*$!
{
	archiveVersion = 1;
	classes = {
	};
	objectVersion = 56;
	objects = {

/* Begin PBXBuildFile section */
		1217BB372C7C9FAB00BAD8A5 /* CarouselCalendarView.swift in Sources */ = {isa = PBXBuildFile; fileRef = 1217BB362C7C9FAB00BAD8A5 /* CarouselCalendarView.swift */; };
		1217BB392C7C9FB000BAD8A5 /* TheDayView.swift in Sources */ = {isa = PBXBuildFile; fileRef = 1217BB382C7C9FB000BAD8A5 /* TheDayView.swift */; };
		1217BB3C2C7CB05F00BAD8A5 /* YearAndMonthSelectionView.swift in Sources */ = {isa = PBXBuildFile; fileRef = 1217BB3A2C7CB05F00BAD8A5 /* YearAndMonthSelectionView.swift */; };
		1217BB3F2C7CC09100BAD8A5 /* CustomNotifyDialogView.swift in Sources */ = {isa = PBXBuildFile; fileRef = 1217BB3D2C7CC09100BAD8A5 /* CustomNotifyDialogView.swift */; };
		1217BB422C7DA60300BAD8A5 /* TimeLineView.swift in Sources */ = {isa = PBXBuildFile; fileRef = 1217BB412C7DA60300BAD8A5 /* TimeLineView.swift */; };
		1217BB462C7DA72600BAD8A5 /* MyHistoryTabRootView.swift in Sources */ = {isa = PBXBuildFile; fileRef = 1217BB452C7DA72600BAD8A5 /* MyHistoryTabRootView.swift */; };
		1217BB4A2C7DFCBE00BAD8A5 /* MyDataRootView.swift in Sources */ = {isa = PBXBuildFile; fileRef = 1217BB492C7DFCBE00BAD8A5 /* MyDataRootView.swift */; };
		1217BB4C2C7DFD9E00BAD8A5 /* MyDataViewModel.swift in Sources */ = {isa = PBXBuildFile; fileRef = 1217BB4B2C7DFD9E00BAD8A5 /* MyDataViewModel.swift */; };
		1217BB4E2C7E07A100BAD8A5 /* ExModifier.swift in Sources */ = {isa = PBXBuildFile; fileRef = 1217BB4D2C7E07A100BAD8A5 /* ExModifier.swift */; };
		12263C2E2C7F4BA000F7FE1F /* NotifyConfig.swift in Sources */ = {isa = PBXBuildFile; fileRef = 12263C2D2C7F4BA000F7FE1F /* NotifyConfig.swift */; };
		12263C332C7F552800F7FE1F /* AppManager.swift in Sources */ = {isa = PBXBuildFile; fileRef = 12263C322C7F552800F7FE1F /* AppManager.swift */; };
		12263C352C7F6DE400F7FE1F /* CustomNotifyPopUpView.swift in Sources */ = {isa = PBXBuildFile; fileRef = 12263C342C7F6DE400F7FE1F /* CustomNotifyPopUpView.swift */; };
		12263C382C805A2300F7FE1F /* SettingView.swift in Sources */ = {isa = PBXBuildFile; fileRef = 12263C372C805A2300F7FE1F /* SettingView.swift */; };
		12263C3A2C807D5700F7FE1F /* SettingViewModel.swift in Sources */ = {isa = PBXBuildFile; fileRef = 12263C392C807D5700F7FE1F /* SettingViewModel.swift */; };
		12263C3C2C807DBD00F7FE1F /* StaticUrls.swift in Sources */ = {isa = PBXBuildFile; fileRef = 12263C3B2C807DBD00F7FE1F /* StaticUrls.swift */; };
		12263C3E2C80A83E00F7FE1F /* AdMobView.swift in Sources */ = {isa = PBXBuildFile; fileRef = 12263C3D2C80A83E00F7FE1F /* AdMobView.swift */; };
		1280A5A32C73569400BAEE37 /* Images.xcassets in Resources */ = {isa = PBXBuildFile; fileRef = 1280A5A22C73569400BAEE37 /* Images.xcassets */; };
		1280A5A82C73636000BAEE37 /* Plank.swift in Sources */ = {isa = PBXBuildFile; fileRef = 1280A5A72C73636000BAEE37 /* Plank.swift */; };
		1280A5AB2C7363E200BAEE37 /* RepositoryDependency.swift in Sources */ = {isa = PBXBuildFile; fileRef = 1280A5AA2C7363E200BAEE37 /* RepositoryDependency.swift */; };
		1280A5AD2C73644000BAEE37 /* UserDefaultsRepository.swift in Sources */ = {isa = PBXBuildFile; fileRef = 1280A5AC2C73644000BAEE37 /* UserDefaultsRepository.swift */; };
		1280A5B12C7364B900BAEE37 /* DeviceSizeUtility.swift in Sources */ = {isa = PBXBuildFile; fileRef = 1280A5B02C7364B900BAEE37 /* DeviceSizeUtility.swift */; };
		1280A5B32C7364C200BAEE37 /* DateFormatUtility.swift in Sources */ = {isa = PBXBuildFile; fileRef = 1280A5B22C7364C200BAEE37 /* DateFormatUtility.swift */; };
		1280A5B62C7364F700BAEE37 /* ExUIApplication.swift in Sources */ = {isa = PBXBuildFile; fileRef = 1280A5B52C7364F700BAEE37 /* ExUIApplication.swift */; };
		1280A5B82C73651300BAEE37 /* ExCollection.swift in Sources */ = {isa = PBXBuildFile; fileRef = 1280A5B72C73651300BAEE37 /* ExCollection.swift */; };
		1280A5BB2C73655200BAEE37 /* RealmRepository.swift in Sources */ = {isa = PBXBuildFile; fileRef = 1280A5BA2C73655200BAEE37 /* RealmRepository.swift */; };
		1280A5C22C73657000BAEE37 /* RealmConfig.swift in Sources */ = {isa = PBXBuildFile; fileRef = 1280A5BE2C73657000BAEE37 /* RealmConfig.swift */; };
		1280A5C42C73668C00BAEE37 /* RootEnvironment.swift in Sources */ = {isa = PBXBuildFile; fileRef = 1280A5C32C73668C00BAEE37 /* RootEnvironment.swift */; };
		1280A5C72C73671300BAEE37 /* AppNotifyManager.swift in Sources */ = {isa = PBXBuildFile; fileRef = 1280A5C62C73671300BAEE37 /* AppNotifyManager.swift */; };
		1280A5CA2C73674200BAEE37 /* Localizable.strings in Resources */ = {isa = PBXBuildFile; fileRef = 1280A5C82C73674200BAEE37 /* Localizable.strings */; };
		1280A5CE2C73684400BAEE37 /* Assets.swift in Sources */ = {isa = PBXBuildFile; fileRef = 1280A5CC2C73684400BAEE37 /* Assets.swift */; };
		1280A5CF2C73684400BAEE37 /* Strings.swift in Sources */ = {isa = PBXBuildFile; fileRef = 1280A5CD2C73684400BAEE37 /* Strings.swift */; };
		1280A5D22C736A6F00BAEE37 /* PrivacyInfo.xcprivacy in Resources */ = {isa = PBXBuildFile; fileRef = 1280A5D12C736A6E00BAEE37 /* PrivacyInfo.xcprivacy */; };
		1280A5D42C736A7D00BAEE37 /* GoogleService-Info.plist in Resources */ = {isa = PBXBuildFile; fileRef = 1280A5D32C736A7D00BAEE37 /* GoogleService-Info.plist */; };
		1280A5D62C73718D00BAEE37 /* AppTimerManager.swift in Sources */ = {isa = PBXBuildFile; fileRef = 1280A5D52C73718D00BAEE37 /* AppTimerManager.swift */; };
		1280A5D82C73765900BAEE37 /* EntryPlankView.swift in Sources */ = {isa = PBXBuildFile; fileRef = 1280A5D72C73765900BAEE37 /* EntryPlankView.swift */; };
		1280A5DA2C73766600BAEE37 /* EntryPlankViewModel.swift in Sources */ = {isa = PBXBuildFile; fileRef = 1280A5D92C73766600BAEE37 /* EntryPlankViewModel.swift */; };
		1280A5DC2C73862E00BAEE37 /* CalendarView.swift in Sources */ = {isa = PBXBuildFile; fileRef = 1280A5DB2C73862D00BAEE37 /* CalendarView.swift */; };
		1280A5E02C73891100BAEE37 /* TabViewLayout.swift in Sources */ = {isa = PBXBuildFile; fileRef = 1280A5DF2C73891100BAEE37 /* TabViewLayout.swift */; };
		1280A5E32C738A1300BAEE37 /* SCCalenderRepository.swift in Sources */ = {isa = PBXBuildFile; fileRef = 1280A5E12C738A1300BAEE37 /* SCCalenderRepository.swift */; };
		1280A5E82C738A2C00BAEE37 /* SCDate.swift in Sources */ = {isa = PBXBuildFile; fileRef = 1280A5E42C738A2C00BAEE37 /* SCDate.swift */; };
		1280A5E92C738A2C00BAEE37 /* SCWeek.swift in Sources */ = {isa = PBXBuildFile; fileRef = 1280A5E52C738A2C00BAEE37 /* SCWeek.swift */; };
		1280A5EA2C738A2C00BAEE37 /* SCYearAndMonth.swift in Sources */ = {isa = PBXBuildFile; fileRef = 1280A5E62C738A2C00BAEE37 /* SCYearAndMonth.swift */; };
		1280A5EC2C738AF000BAEE37 /* MyHistoryViewModel.swift in Sources */ = {isa = PBXBuildFile; fileRef = 1280A5EB2C738AF000BAEE37 /* MyHistoryViewModel.swift */; };
		1280A5EF2C738B7200BAEE37 /* UserDefaultsKey.swift in Sources */ = {isa = PBXBuildFile; fileRef = 1280A5EE2C738B7200BAEE37 /* UserDefaultsKey.swift */; };
		12B72C532C7355AD00DCFE43 /* PrankMemoApp.swift in Sources */ = {isa = PBXBuildFile; fileRef = 12B72C522C7355AD00DCFE43 /* PrankMemoApp.swift */; };
		12B72C552C7355AD00DCFE43 /* RootView.swift in Sources */ = {isa = PBXBuildFile; fileRef = 12B72C542C7355AD00DCFE43 /* RootView.swift */; };
		12B72C572C7355AE00DCFE43 /* Colors.xcassets in Resources */ = {isa = PBXBuildFile; fileRef = 12B72C562C7355AE00DCFE43 /* Colors.xcassets */; };
		12B72C5A2C7355AE00DCFE43 /* Preview Assets.xcassets in Resources */ = {isa = PBXBuildFile; fileRef = 12B72C592C7355AE00DCFE43 /* Preview Assets.xcassets */; };
		12CF434E2C872EC9001601B2 /* DiamondShape.swift in Sources */ = {isa = PBXBuildFile; fileRef = 12CF434D2C872EC9001601B2 /* DiamondShape.swift */; };
		62228FE86D3992C64D88285C /* Pods_PrankMemo.framework in Frameworks */ = {isa = PBXBuildFile; fileRef = 2299CB0AC1184105952E6BB6 /* Pods_PrankMemo.framework */; };
/* End PBXBuildFile section */

/* Begin PBXFileReference section */
		1217BB362C7C9FAB00BAD8A5 /* CarouselCalendarView.swift */ = {isa = PBXFileReference; fileEncoding = 4; lastKnownFileType = sourcecode.swift; path = CarouselCalendarView.swift; sourceTree = "<group>"; };
		1217BB382C7C9FB000BAD8A5 /* TheDayView.swift */ = {isa = PBXFileReference; fileEncoding = 4; lastKnownFileType = sourcecode.swift; path = TheDayView.swift; sourceTree = "<group>"; };
		1217BB3A2C7CB05F00BAD8A5 /* YearAndMonthSelectionView.swift */ = {isa = PBXFileReference; fileEncoding = 4; lastKnownFileType = sourcecode.swift; path = YearAndMonthSelectionView.swift; sourceTree = "<group>"; };
		1217BB3D2C7CC09100BAD8A5 /* CustomNotifyDialogView.swift */ = {isa = PBXFileReference; fileEncoding = 4; lastKnownFileType = sourcecode.swift; path = CustomNotifyDialogView.swift; sourceTree = "<group>"; };
		1217BB412C7DA60300BAD8A5 /* TimeLineView.swift */ = {isa = PBXFileReference; lastKnownFileType = sourcecode.swift; path = TimeLineView.swift; sourceTree = "<group>"; };
		1217BB452C7DA72600BAD8A5 /* MyHistoryTabRootView.swift */ = {isa = PBXFileReference; lastKnownFileType = sourcecode.swift; path = MyHistoryTabRootView.swift; sourceTree = "<group>"; };
		1217BB492C7DFCBE00BAD8A5 /* MyDataRootView.swift */ = {isa = PBXFileReference; lastKnownFileType = sourcecode.swift; path = MyDataRootView.swift; sourceTree = "<group>"; };
		1217BB4B2C7DFD9E00BAD8A5 /* MyDataViewModel.swift */ = {isa = PBXFileReference; lastKnownFileType = sourcecode.swift; path = MyDataViewModel.swift; sourceTree = "<group>"; };
		1217BB4D2C7E07A100BAD8A5 /* ExModifier.swift */ = {isa = PBXFileReference; lastKnownFileType = sourcecode.swift; path = ExModifier.swift; sourceTree = "<group>"; };
		12263C2D2C7F4BA000F7FE1F /* NotifyConfig.swift */ = {isa = PBXFileReference; lastKnownFileType = sourcecode.swift; path = NotifyConfig.swift; sourceTree = "<group>"; };
		12263C322C7F552800F7FE1F /* AppManager.swift */ = {isa = PBXFileReference; lastKnownFileType = sourcecode.swift; path = AppManager.swift; sourceTree = "<group>"; };
		12263C342C7F6DE400F7FE1F /* CustomNotifyPopUpView.swift */ = {isa = PBXFileReference; lastKnownFileType = sourcecode.swift; path = CustomNotifyPopUpView.swift; sourceTree = "<group>"; };
		12263C372C805A2300F7FE1F /* SettingView.swift */ = {isa = PBXFileReference; lastKnownFileType = sourcecode.swift; path = SettingView.swift; sourceTree = "<group>"; };
		12263C392C807D5700F7FE1F /* SettingViewModel.swift */ = {isa = PBXFileReference; lastKnownFileType = sourcecode.swift; path = SettingViewModel.swift; sourceTree = "<group>"; };
		12263C3B2C807DBD00F7FE1F /* StaticUrls.swift */ = {isa = PBXFileReference; lastKnownFileType = sourcecode.swift; path = StaticUrls.swift; sourceTree = "<group>"; };
		12263C3D2C80A83E00F7FE1F /* AdMobView.swift */ = {isa = PBXFileReference; fileEncoding = 4; lastKnownFileType = sourcecode.swift; path = AdMobView.swift; sourceTree = "<group>"; };
		1280A5A22C73569400BAEE37 /* Images.xcassets */ = {isa = PBXFileReference; lastKnownFileType = folder.assetcatalog; path = Images.xcassets; sourceTree = "<group>"; };
		1280A5A72C73636000BAEE37 /* Plank.swift */ = {isa = PBXFileReference; lastKnownFileType = sourcecode.swift; path = Plank.swift; sourceTree = "<group>"; };
		1280A5AA2C7363E200BAEE37 /* RepositoryDependency.swift */ = {isa = PBXFileReference; lastKnownFileType = sourcecode.swift; path = RepositoryDependency.swift; sourceTree = "<group>"; };
		1280A5AC2C73644000BAEE37 /* UserDefaultsRepository.swift */ = {isa = PBXFileReference; lastKnownFileType = sourcecode.swift; path = UserDefaultsRepository.swift; sourceTree = "<group>"; };
		1280A5B02C7364B900BAEE37 /* DeviceSizeUtility.swift */ = {isa = PBXFileReference; fileEncoding = 4; lastKnownFileType = sourcecode.swift; path = DeviceSizeUtility.swift; sourceTree = "<group>"; };
		1280A5B22C7364C200BAEE37 /* DateFormatUtility.swift */ = {isa = PBXFileReference; fileEncoding = 4; lastKnownFileType = sourcecode.swift; path = DateFormatUtility.swift; sourceTree = "<group>"; };
		1280A5B52C7364F700BAEE37 /* ExUIApplication.swift */ = {isa = PBXFileReference; fileEncoding = 4; lastKnownFileType = sourcecode.swift; path = ExUIApplication.swift; sourceTree = "<group>"; };
		1280A5B72C73651300BAEE37 /* ExCollection.swift */ = {isa = PBXFileReference; fileEncoding = 4; lastKnownFileType = sourcecode.swift; path = ExCollection.swift; sourceTree = "<group>"; };
		1280A5BA2C73655200BAEE37 /* RealmRepository.swift */ = {isa = PBXFileReference; lastKnownFileType = sourcecode.swift; path = RealmRepository.swift; sourceTree = "<group>"; };
		1280A5BE2C73657000BAEE37 /* RealmConfig.swift */ = {isa = PBXFileReference; fileEncoding = 4; lastKnownFileType = sourcecode.swift; path = RealmConfig.swift; sourceTree = "<group>"; };
		1280A5C32C73668C00BAEE37 /* RootEnvironment.swift */ = {isa = PBXFileReference; lastKnownFileType = sourcecode.swift; path = RootEnvironment.swift; sourceTree = "<group>"; };
		1280A5C62C73671300BAEE37 /* AppNotifyManager.swift */ = {isa = PBXFileReference; lastKnownFileType = sourcecode.swift; path = AppNotifyManager.swift; sourceTree = "<group>"; };
		1280A5C92C73674200BAEE37 /* en */ = {isa = PBXFileReference; lastKnownFileType = text.plist.strings; name = en; path = en.lproj/Localizable.strings; sourceTree = "<group>"; };
		1280A5CB2C7367A500BAEE37 /* ja */ = {isa = PBXFileReference; lastKnownFileType = text.plist.strings; name = ja; path = ja.lproj/Localizable.strings; sourceTree = "<group>"; };
		1280A5CC2C73684400BAEE37 /* Assets.swift */ = {isa = PBXFileReference; fileEncoding = 4; lastKnownFileType = sourcecode.swift; path = Assets.swift; sourceTree = "<group>"; };
		1280A5CD2C73684400BAEE37 /* Strings.swift */ = {isa = PBXFileReference; fileEncoding = 4; lastKnownFileType = sourcecode.swift; path = Strings.swift; sourceTree = "<group>"; };
		1280A5D02C736A0800BAEE37 /* Info.plist */ = {isa = PBXFileReference; lastKnownFileType = text.plist; path = Info.plist; sourceTree = "<group>"; };
		1280A5D12C736A6E00BAEE37 /* PrivacyInfo.xcprivacy */ = {isa = PBXFileReference; fileEncoding = 4; lastKnownFileType = text.xml; path = PrivacyInfo.xcprivacy; sourceTree = "<group>"; };
		1280A5D32C736A7D00BAEE37 /* GoogleService-Info.plist */ = {isa = PBXFileReference; fileEncoding = 4; lastKnownFileType = text.plist.xml; path = "GoogleService-Info.plist"; sourceTree = SOURCE_ROOT; };
		1280A5D52C73718D00BAEE37 /* AppTimerManager.swift */ = {isa = PBXFileReference; lastKnownFileType = sourcecode.swift; path = AppTimerManager.swift; sourceTree = "<group>"; };
		1280A5D72C73765900BAEE37 /* EntryPlankView.swift */ = {isa = PBXFileReference; lastKnownFileType = sourcecode.swift; path = EntryPlankView.swift; sourceTree = "<group>"; };
		1280A5D92C73766600BAEE37 /* EntryPlankViewModel.swift */ = {isa = PBXFileReference; lastKnownFileType = sourcecode.swift; path = EntryPlankViewModel.swift; sourceTree = "<group>"; };
		1280A5DB2C73862D00BAEE37 /* CalendarView.swift */ = {isa = PBXFileReference; lastKnownFileType = sourcecode.swift; path = CalendarView.swift; sourceTree = "<group>"; };
		1280A5DF2C73891100BAEE37 /* TabViewLayout.swift */ = {isa = PBXFileReference; lastKnownFileType = sourcecode.swift; path = TabViewLayout.swift; sourceTree = "<group>"; };
		1280A5E12C738A1300BAEE37 /* SCCalenderRepository.swift */ = {isa = PBXFileReference; fileEncoding = 4; lastKnownFileType = sourcecode.swift; path = SCCalenderRepository.swift; sourceTree = "<group>"; };
		1280A5E42C738A2C00BAEE37 /* SCDate.swift */ = {isa = PBXFileReference; fileEncoding = 4; lastKnownFileType = sourcecode.swift; path = SCDate.swift; sourceTree = "<group>"; };
		1280A5E52C738A2C00BAEE37 /* SCWeek.swift */ = {isa = PBXFileReference; fileEncoding = 4; lastKnownFileType = sourcecode.swift; path = SCWeek.swift; sourceTree = "<group>"; };
		1280A5E62C738A2C00BAEE37 /* SCYearAndMonth.swift */ = {isa = PBXFileReference; fileEncoding = 4; lastKnownFileType = sourcecode.swift; path = SCYearAndMonth.swift; sourceTree = "<group>"; };
		1280A5EB2C738AF000BAEE37 /* MyHistoryViewModel.swift */ = {isa = PBXFileReference; lastKnownFileType = sourcecode.swift; path = MyHistoryViewModel.swift; sourceTree = "<group>"; };
		1280A5EE2C738B7200BAEE37 /* UserDefaultsKey.swift */ = {isa = PBXFileReference; lastKnownFileType = sourcecode.swift; path = UserDefaultsKey.swift; sourceTree = "<group>"; };
		12B72C4F2C7355AD00DCFE43 /* PrankMemo.app */ = {isa = PBXFileReference; explicitFileType = wrapper.application; includeInIndex = 0; path = PrankMemo.app; sourceTree = BUILT_PRODUCTS_DIR; };
		12B72C522C7355AD00DCFE43 /* PrankMemoApp.swift */ = {isa = PBXFileReference; lastKnownFileType = sourcecode.swift; path = PrankMemoApp.swift; sourceTree = "<group>"; };
		12B72C542C7355AD00DCFE43 /* RootView.swift */ = {isa = PBXFileReference; lastKnownFileType = sourcecode.swift; path = RootView.swift; sourceTree = "<group>"; };
		12B72C562C7355AE00DCFE43 /* Colors.xcassets */ = {isa = PBXFileReference; lastKnownFileType = folder.assetcatalog; path = Colors.xcassets; sourceTree = "<group>"; };
		12B72C592C7355AE00DCFE43 /* Preview Assets.xcassets */ = {isa = PBXFileReference; lastKnownFileType = folder.assetcatalog; path = "Preview Assets.xcassets"; sourceTree = "<group>"; };
		12CF434D2C872EC9001601B2 /* DiamondShape.swift */ = {isa = PBXFileReference; lastKnownFileType = sourcecode.swift; path = DiamondShape.swift; sourceTree = "<group>"; };
		2299CB0AC1184105952E6BB6 /* Pods_PrankMemo.framework */ = {isa = PBXFileReference; explicitFileType = wrapper.framework; includeInIndex = 0; path = Pods_PrankMemo.framework; sourceTree = BUILT_PRODUCTS_DIR; };
		CEC0119FBD0015C007FE2FE5 /* Pods-PrankMemo.release.xcconfig */ = {isa = PBXFileReference; includeInIndex = 1; lastKnownFileType = text.xcconfig; name = "Pods-PrankMemo.release.xcconfig"; path = "Target Support Files/Pods-PrankMemo/Pods-PrankMemo.release.xcconfig"; sourceTree = "<group>"; };
		EE4B4DFE92CBC1E26E2791E5 /* Pods-PrankMemo.debug.xcconfig */ = {isa = PBXFileReference; includeInIndex = 1; lastKnownFileType = text.xcconfig; name = "Pods-PrankMemo.debug.xcconfig"; path = "Target Support Files/Pods-PrankMemo/Pods-PrankMemo.debug.xcconfig"; sourceTree = "<group>"; };
/* End PBXFileReference section */

/* Begin PBXFrameworksBuildPhase section */
		12B72C4C2C7355AD00DCFE43 /* Frameworks */ = {
			isa = PBXFrameworksBuildPhase;
			buildActionMask = 2147483647;
			files = (
				62228FE86D3992C64D88285C /* Pods_PrankMemo.framework in Frameworks */,
			);
			runOnlyForDeploymentPostprocessing = 0;
		};
/* End PBXFrameworksBuildPhase section */

/* Begin PBXGroup section */
		1217BB352C7C9F9F00BAD8A5 /* Calendar */ = {
			isa = PBXGroup;
			children = (
				1280A5DB2C73862D00BAEE37 /* CalendarView.swift */,
				1217BB362C7C9FAB00BAD8A5 /* CarouselCalendarView.swift */,
				1217BB382C7C9FB000BAD8A5 /* TheDayView.swift */,
				1217BB3B2C7CB05F00BAD8A5 /* Components */,
			);
			path = Calendar;
			sourceTree = "<group>";
		};
		1217BB3B2C7CB05F00BAD8A5 /* Components */ = {
			isa = PBXGroup;
			children = (
				1217BB3A2C7CB05F00BAD8A5 /* YearAndMonthSelectionView.swift */,
			);
			path = Components;
			sourceTree = "<group>";
		};
		1217BB3E2C7CC09100BAD8A5 /* Dialog */ = {
			isa = PBXGroup;
			children = (
				1217BB3D2C7CC09100BAD8A5 /* CustomNotifyDialogView.swift */,
				12263C342C7F6DE400F7FE1F /* CustomNotifyPopUpView.swift */,
			);
			path = Dialog;
			sourceTree = "<group>";
		};
		1217BB402C7DA5F000BAD8A5 /* MyHistory */ = {
			isa = PBXGroup;
			children = (
				1217BB452C7DA72600BAD8A5 /* MyHistoryTabRootView.swift */,
				1217BB352C7C9F9F00BAD8A5 /* Calendar */,
				1217BB412C7DA60300BAD8A5 /* TimeLineView.swift */,
			);
			path = MyHistory;
			sourceTree = "<group>";
		};
		1217BB472C7DFC4500BAD8A5 /* MyData */ = {
			isa = PBXGroup;
			children = (
				1217BB492C7DFCBE00BAD8A5 /* MyDataRootView.swift */,
			);
			path = MyData;
			sourceTree = "<group>";
		};
		1217BB482C7DFC5200BAD8A5 /* Entry */ = {
			isa = PBXGroup;
			children = (
				1280A5D72C73765900BAEE37 /* EntryPlankView.swift */,
			);
			path = Entry;
			sourceTree = "<group>";
		};
		12263C362C805A0700F7FE1F /* Setting */ = {
			isa = PBXGroup;
			children = (
				12263C372C805A2300F7FE1F /* SettingView.swift */,
			);
			path = Setting;
			sourceTree = "<group>";
		};
		1280A59F2C73567000BAEE37 /* Resources */ = {
			isa = PBXGroup;
			children = (
				12B72C562C7355AE00DCFE43 /* Colors.xcassets */,
				1280A5A22C73569400BAEE37 /* Images.xcassets */,
				1280A5C82C73674200BAEE37 /* Localizable.strings */,
			);
			path = Resources;
			sourceTree = "<group>";
		};
		1280A5A02C73567500BAEE37 /* Generated */ = {
			isa = PBXGroup;
			children = (
				1280A5CC2C73684400BAEE37 /* Assets.swift */,
				1280A5CD2C73684400BAEE37 /* Strings.swift */,
			);
			path = Generated;
			sourceTree = "<group>";
		};
		1280A5A12C73567900BAEE37 /* View */ = {
			isa = PBXGroup;
			children = (
				12B72C522C7355AD00DCFE43 /* PrankMemoApp.swift */,
				12B72C542C7355AD00DCFE43 /* RootView.swift */,
				1217BB402C7DA5F000BAD8A5 /* MyHistory */,
				1217BB482C7DFC5200BAD8A5 /* Entry */,
				1217BB472C7DFC4500BAD8A5 /* MyData */,
				12263C362C805A0700F7FE1F /* Setting */,
				1217BB3E2C7CC09100BAD8A5 /* Dialog */,
				1280A5DD2C7388F900BAEE37 /* Components */,
			);
			path = View;
			sourceTree = "<group>";
		};
		1280A5A42C7356B600BAEE37 /* Repository */ = {
			isa = PBXGroup;
			children = (
				1280A5E22C738A1300BAEE37 /* SCCalendar */,
				1280A5A92C7363DB00BAEE37 /* DI */,
				1280A5B92C73654900BAEE37 /* DB */,
			);
			path = Repository;
			sourceTree = "<group>";
		};
		1280A5A52C7356BF00BAEE37 /* Models */ = {
			isa = PBXGroup;
			children = (
				1280A5A72C73636000BAEE37 /* Plank.swift */,
				12263C3B2C807DBD00F7FE1F /* StaticUrls.swift */,
				1280A5ED2C738B6800BAEE37 /* Key */,
				1280A5E72C738A2C00BAEE37 /* SCCalendar */,
				1280A5BF2C73657000BAEE37 /* Config */,
			);
			path = Models;
			sourceTree = "<group>";
		};
		1280A5A62C7356C400BAEE37 /* ViewModel */ = {
			isa = PBXGroup;
			children = (
				1280A5C32C73668C00BAEE37 /* RootEnvironment.swift */,
				1280A5EB2C738AF000BAEE37 /* MyHistoryViewModel.swift */,
				1217BB4B2C7DFD9E00BAD8A5 /* MyDataViewModel.swift */,
				12263C392C807D5700F7FE1F /* SettingViewModel.swift */,
				1280A5D92C73766600BAEE37 /* EntryPlankViewModel.swift */,
			);
			path = ViewModel;
			sourceTree = "<group>";
		};
		1280A5A92C7363DB00BAEE37 /* DI */ = {
			isa = PBXGroup;
			children = (
				1280A5AA2C7363E200BAEE37 /* RepositoryDependency.swift */,
			);
			path = DI;
			sourceTree = "<group>";
		};
		1280A5AE2C73649A00BAEE37 /* Extension&Utility */ = {
			isa = PBXGroup;
			children = (
				1280A5B42C7364F000BAEE37 /* Extenstion */,
				1280A5AF2C7364B100BAEE37 /* Utility */,
			);
			path = "Extension&Utility";
			sourceTree = "<group>";
		};
		1280A5AF2C7364B100BAEE37 /* Utility */ = {
			isa = PBXGroup;
			children = (
				1280A5B02C7364B900BAEE37 /* DeviceSizeUtility.swift */,
				1280A5B22C7364C200BAEE37 /* DateFormatUtility.swift */,
			);
			path = Utility;
			sourceTree = "<group>";
		};
		1280A5B42C7364F000BAEE37 /* Extenstion */ = {
			isa = PBXGroup;
			children = (
				1280A5B52C7364F700BAEE37 /* ExUIApplication.swift */,
				1217BB4D2C7E07A100BAD8A5 /* ExModifier.swift */,
				1280A5B72C73651300BAEE37 /* ExCollection.swift */,
			);
			path = Extenstion;
			sourceTree = "<group>";
		};
		1280A5B92C73654900BAEE37 /* DB */ = {
			isa = PBXGroup;
			children = (
				1280A5BA2C73655200BAEE37 /* RealmRepository.swift */,
				1280A5AC2C73644000BAEE37 /* UserDefaultsRepository.swift */,
			);
			path = DB;
			sourceTree = "<group>";
		};
		1280A5BF2C73657000BAEE37 /* Config */ = {
			isa = PBXGroup;
			children = (
				1280A5BE2C73657000BAEE37 /* RealmConfig.swift */,
				12263C2D2C7F4BA000F7FE1F /* NotifyConfig.swift */,
			);
			path = Config;
			sourceTree = "<group>";
		};
		1280A5C52C73670500BAEE37 /* Managers */ = {
			isa = PBXGroup;
			children = (
				12263C322C7F552800F7FE1F /* AppManager.swift */,
				1280A5C62C73671300BAEE37 /* AppNotifyManager.swift */,
				1280A5D52C73718D00BAEE37 /* AppTimerManager.swift */,
			);
			path = Managers;
			sourceTree = "<group>";
		};
		1280A5DD2C7388F900BAEE37 /* Components */ = {
			isa = PBXGroup;
			children = (
				1280A5DE2C73890000BAEE37 /* Layout */,
				12263C3D2C80A83E00F7FE1F /* AdMobView.swift */,
				12CF434D2C872EC9001601B2 /* DiamondShape.swift */,
			);
			path = Components;
			sourceTree = "<group>";
		};
		1280A5DE2C73890000BAEE37 /* Layout */ = {
			isa = PBXGroup;
			children = (
				1280A5DF2C73891100BAEE37 /* TabViewLayout.swift */,
			);
			path = Layout;
			sourceTree = "<group>";
		};
		1280A5E22C738A1300BAEE37 /* SCCalendar */ = {
			isa = PBXGroup;
			children = (
				1280A5E12C738A1300BAEE37 /* SCCalenderRepository.swift */,
			);
			path = SCCalendar;
			sourceTree = "<group>";
		};
		1280A5E72C738A2C00BAEE37 /* SCCalendar */ = {
			isa = PBXGroup;
			children = (
				1280A5E42C738A2C00BAEE37 /* SCDate.swift */,
				1280A5E52C738A2C00BAEE37 /* SCWeek.swift */,
				1280A5E62C738A2C00BAEE37 /* SCYearAndMonth.swift */,
			);
			path = SCCalendar;
			sourceTree = "<group>";
		};
		1280A5ED2C738B6800BAEE37 /* Key */ = {
			isa = PBXGroup;
			children = (
				1280A5EE2C738B7200BAEE37 /* UserDefaultsKey.swift */,
			);
			path = Key;
			sourceTree = "<group>";
		};
		12B72C462C7355AD00DCFE43 = {
			isa = PBXGroup;
			children = (
				12B72C512C7355AD00DCFE43 /* PrankMemo */,
				12B72C502C7355AD00DCFE43 /* Products */,
				CDDB72F5B071FF7B158EB101 /* Pods */,
				832606836F29AAB749F23CDE /* Frameworks */,
			);
			sourceTree = "<group>";
		};
		12B72C502C7355AD00DCFE43 /* Products */ = {
			isa = PBXGroup;
			children = (
				12B72C4F2C7355AD00DCFE43 /* PrankMemo.app */,
			);
			name = Products;
			sourceTree = "<group>";
		};
		12B72C512C7355AD00DCFE43 /* PrankMemo */ = {
			isa = PBXGroup;
			children = (
				1280A5D02C736A0800BAEE37 /* Info.plist */,
				1280A5D12C736A6E00BAEE37 /* PrivacyInfo.xcprivacy */,
				1280A5D32C736A7D00BAEE37 /* GoogleService-Info.plist */,
				1280A5A02C73567500BAEE37 /* Generated */,
				1280A59F2C73567000BAEE37 /* Resources */,
				1280A5AE2C73649A00BAEE37 /* Extension&Utility */,
				1280A5A12C73567900BAEE37 /* View */,
				1280A5A62C7356C400BAEE37 /* ViewModel */,
				1280A5A52C7356BF00BAEE37 /* Models */,
				1280A5A42C7356B600BAEE37 /* Repository */,
				1280A5C52C73670500BAEE37 /* Managers */,
				12B72C582C7355AE00DCFE43 /* Preview Content */,
			);
			path = PrankMemo;
			sourceTree = "<group>";
		};
		12B72C582C7355AE00DCFE43 /* Preview Content */ = {
			isa = PBXGroup;
			children = (
				12B72C592C7355AE00DCFE43 /* Preview Assets.xcassets */,
			);
			path = "Preview Content";
			sourceTree = "<group>";
		};
		832606836F29AAB749F23CDE /* Frameworks */ = {
			isa = PBXGroup;
			children = (
				2299CB0AC1184105952E6BB6 /* Pods_PrankMemo.framework */,
			);
			name = Frameworks;
			sourceTree = "<group>";
		};
		CDDB72F5B071FF7B158EB101 /* Pods */ = {
			isa = PBXGroup;
			children = (
				EE4B4DFE92CBC1E26E2791E5 /* Pods-PrankMemo.debug.xcconfig */,
				CEC0119FBD0015C007FE2FE5 /* Pods-PrankMemo.release.xcconfig */,
			);
			path = Pods;
			sourceTree = "<group>";
		};
/* End PBXGroup section */

/* Begin PBXNativeTarget section */
		12B72C4E2C7355AD00DCFE43 /* PrankMemo */ = {
			isa = PBXNativeTarget;
			buildConfigurationList = 12B72C5D2C7355AE00DCFE43 /* Build configuration list for PBXNativeTarget "PrankMemo" */;
			buildPhases = (
				C6806D931D24B2FA6F59BADA /* [CP] Check Pods Manifest.lock */,
				12B72C4B2C7355AD00DCFE43 /* Sources */,
				12B72C4C2C7355AD00DCFE43 /* Frameworks */,
				12B72C4D2C7355AD00DCFE43 /* Resources */,
				8DA6132D353EB0E155133A64 /* [CP] Embed Pods Frameworks */,
			);
			buildRules = (
			);
			dependencies = (
			);
			name = PrankMemo;
			productName = PrankMemo;
			productReference = 12B72C4F2C7355AD00DCFE43 /* PrankMemo.app */;
			productType = "com.apple.product-type.application";
		};
/* End PBXNativeTarget section */

/* Begin PBXProject section */
		12B72C472C7355AD00DCFE43 /* Project object */ = {
			isa = PBXProject;
			attributes = {
				BuildIndependentTargetsInParallel = 1;
				LastSwiftUpdateCheck = 1540;
				LastUpgradeCheck = 1540;
				TargetAttributes = {
					12B72C4E2C7355AD00DCFE43 = {
						CreatedOnToolsVersion = 15.4;
						DevelopmentTeam = CGD79LB65H;
						ProvisioningStyle = Automatic;
					};
				};
			};
			buildConfigurationList = 12B72C4A2C7355AD00DCFE43 /* Build configuration list for PBXProject "PrankMemo" */;
			compatibilityVersion = "Xcode 14.0";
			developmentRegion = ja;
			hasScannedForEncodings = 0;
			knownRegions = (
				en,
				Base,
				ja,
			);
			mainGroup = 12B72C462C7355AD00DCFE43;
			productRefGroup = 12B72C502C7355AD00DCFE43 /* Products */;
			projectDirPath = "";
			projectRoot = "";
			targets = (
				12B72C4E2C7355AD00DCFE43 /* PrankMemo */,
			);
		};
/* End PBXProject section */

/* Begin PBXResourcesBuildPhase section */
		12B72C4D2C7355AD00DCFE43 /* Resources */ = {
			isa = PBXResourcesBuildPhase;
			buildActionMask = 2147483647;
			files = (
				1280A5A32C73569400BAEE37 /* Images.xcassets in Resources */,
				1280A5CA2C73674200BAEE37 /* Localizable.strings in Resources */,
				12B72C5A2C7355AE00DCFE43 /* Preview Assets.xcassets in Resources */,
				1280A5D22C736A6F00BAEE37 /* PrivacyInfo.xcprivacy in Resources */,
				12B72C572C7355AE00DCFE43 /* Colors.xcassets in Resources */,
				1280A5D42C736A7D00BAEE37 /* GoogleService-Info.plist in Resources */,
			);
			runOnlyForDeploymentPostprocessing = 0;
		};
/* End PBXResourcesBuildPhase section */

/* Begin PBXShellScriptBuildPhase section */
		8DA6132D353EB0E155133A64 /* [CP] Embed Pods Frameworks */ = {
			isa = PBXShellScriptBuildPhase;
			buildActionMask = 2147483647;
			files = (
			);
			inputFileListPaths = (
				"${PODS_ROOT}/Target Support Files/Pods-PrankMemo/Pods-PrankMemo-frameworks-${CONFIGURATION}-input-files.xcfilelist",
			);
			name = "[CP] Embed Pods Frameworks";
			outputFileListPaths = (
				"${PODS_ROOT}/Target Support Files/Pods-PrankMemo/Pods-PrankMemo-frameworks-${CONFIGURATION}-output-files.xcfilelist",
			);
			runOnlyForDeploymentPostprocessing = 0;
			shellPath = /bin/sh;
			shellScript = "\"${PODS_ROOT}/Target Support Files/Pods-PrankMemo/Pods-PrankMemo-frameworks.sh\"\n";
			showEnvVarsInLog = 0;
		};
		C6806D931D24B2FA6F59BADA /* [CP] Check Pods Manifest.lock */ = {
			isa = PBXShellScriptBuildPhase;
			buildActionMask = 2147483647;
			files = (
			);
			inputFileListPaths = (
			);
			inputPaths = (
				"${PODS_PODFILE_DIR_PATH}/Podfile.lock",
				"${PODS_ROOT}/Manifest.lock",
			);
			name = "[CP] Check Pods Manifest.lock";
			outputFileListPaths = (
			);
			outputPaths = (
				"$(DERIVED_FILE_DIR)/Pods-PrankMemo-checkManifestLockResult.txt",
			);
			runOnlyForDeploymentPostprocessing = 0;
			shellPath = /bin/sh;
			shellScript = "diff \"${PODS_PODFILE_DIR_PATH}/Podfile.lock\" \"${PODS_ROOT}/Manifest.lock\" > /dev/null\nif [ $? != 0 ] ; then\n    # print error to STDERR\n    echo \"error: The sandbox is not in sync with the Podfile.lock. Run 'pod install' or update your CocoaPods installation.\" >&2\n    exit 1\nfi\n# This output is used by Xcode 'outputs' to avoid re-running this script phase.\necho \"SUCCESS\" > \"${SCRIPT_OUTPUT_FILE_0}\"\n";
			showEnvVarsInLog = 0;
		};
/* End PBXShellScriptBuildPhase section */

/* Begin PBXSourcesBuildPhase section */
		12B72C4B2C7355AD00DCFE43 /* Sources */ = {
			isa = PBXSourcesBuildPhase;
			buildActionMask = 2147483647;
			files = (
				1280A5AB2C7363E200BAEE37 /* RepositoryDependency.swift in Sources */,
				1280A5C42C73668C00BAEE37 /* RootEnvironment.swift in Sources */,
				1217BB462C7DA72600BAD8A5 /* MyHistoryTabRootView.swift in Sources */,
				1217BB3F2C7CC09100BAD8A5 /* CustomNotifyDialogView.swift in Sources */,
				12263C2E2C7F4BA000F7FE1F /* NotifyConfig.swift in Sources */,
				1280A5EF2C738B7200BAEE37 /* UserDefaultsKey.swift in Sources */,
				1280A5E92C738A2C00BAEE37 /* SCWeek.swift in Sources */,
				1280A5E02C73891100BAEE37 /* TabViewLayout.swift in Sources */,
				12B72C552C7355AD00DCFE43 /* RootView.swift in Sources */,
				12263C352C7F6DE400F7FE1F /* CustomNotifyPopUpView.swift in Sources */,
				1280A5D82C73765900BAEE37 /* EntryPlankView.swift in Sources */,
				1217BB4E2C7E07A100BAD8A5 /* ExModifier.swift in Sources */,
				1280A5DA2C73766600BAEE37 /* EntryPlankViewModel.swift in Sources */,
				12B72C532C7355AD00DCFE43 /* PrankMemoApp.swift in Sources */,
				1217BB392C7C9FB000BAD8A5 /* TheDayView.swift in Sources */,
				1217BB4A2C7DFCBE00BAD8A5 /* MyDataRootView.swift in Sources */,
				1280A5C72C73671300BAEE37 /* AppNotifyManager.swift in Sources */,
				1280A5C22C73657000BAEE37 /* RealmConfig.swift in Sources */,
				12263C3E2C80A83E00F7FE1F /* AdMobView.swift in Sources */,
				1280A5B82C73651300BAEE37 /* ExCollection.swift in Sources */,
				1280A5CF2C73684400BAEE37 /* Strings.swift in Sources */,
				1280A5B12C7364B900BAEE37 /* DeviceSizeUtility.swift in Sources */,
				12CF434E2C872EC9001601B2 /* DiamondShape.swift in Sources */,
				12263C382C805A2300F7FE1F /* SettingView.swift in Sources */,
				1280A5E32C738A1300BAEE37 /* SCCalenderRepository.swift in Sources */,
				1280A5CE2C73684400BAEE37 /* Assets.swift in Sources */,
				1217BB4C2C7DFD9E00BAD8A5 /* MyDataViewModel.swift in Sources */,
				1280A5BB2C73655200BAEE37 /* RealmRepository.swift in Sources */,
				1280A5E82C738A2C00BAEE37 /* SCDate.swift in Sources */,
				1280A5A82C73636000BAEE37 /* Plank.swift in Sources */,
				1280A5AD2C73644000BAEE37 /* UserDefaultsRepository.swift in Sources */,
				12263C3C2C807DBD00F7FE1F /* StaticUrls.swift in Sources */,
				1280A5D62C73718D00BAEE37 /* AppTimerManager.swift in Sources */,
				1217BB372C7C9FAB00BAD8A5 /* CarouselCalendarView.swift in Sources */,
				1280A5B32C7364C200BAEE37 /* DateFormatUtility.swift in Sources */,
				1280A5B62C7364F700BAEE37 /* ExUIApplication.swift in Sources */,
				1217BB422C7DA60300BAD8A5 /* TimeLineView.swift in Sources */,
				12263C332C7F552800F7FE1F /* AppManager.swift in Sources */,
				12263C3A2C807D5700F7FE1F /* SettingViewModel.swift in Sources */,
				1280A5DC2C73862E00BAEE37 /* CalendarView.swift in Sources */,
				1280A5EC2C738AF000BAEE37 /* MyHistoryViewModel.swift in Sources */,
				1217BB3C2C7CB05F00BAD8A5 /* YearAndMonthSelectionView.swift in Sources */,
				1280A5EA2C738A2C00BAEE37 /* SCYearAndMonth.swift in Sources */,
			);
			runOnlyForDeploymentPostprocessing = 0;
		};
/* End PBXSourcesBuildPhase section */

/* Begin PBXVariantGroup section */
		1280A5C82C73674200BAEE37 /* Localizable.strings */ = {
			isa = PBXVariantGroup;
			children = (
				1280A5C92C73674200BAEE37 /* en */,
				1280A5CB2C7367A500BAEE37 /* ja */,
			);
			name = Localizable.strings;
			sourceTree = "<group>";
		};
/* End PBXVariantGroup section */

/* Begin XCBuildConfiguration section */
		12B72C5B2C7355AE00DCFE43 /* Debug */ = {
			isa = XCBuildConfiguration;
			buildSettings = {
				ALWAYS_SEARCH_USER_PATHS = NO;
				ASSETCATALOG_COMPILER_GENERATE_SWIFT_ASSET_SYMBOL_EXTENSIONS = YES;
				CLANG_ANALYZER_LOCALIZABILITY_NONLOCALIZED = YES;
				CLANG_ANALYZER_NONNULL = YES;
				CLANG_ANALYZER_NUMBER_OBJECT_CONVERSION = YES_AGGRESSIVE;
				CLANG_CXX_LANGUAGE_STANDARD = "gnu++20";
				CLANG_ENABLE_MODULES = YES;
				CLANG_ENABLE_OBJC_ARC = YES;
				CLANG_ENABLE_OBJC_WEAK = YES;
				CLANG_WARN_BLOCK_CAPTURE_AUTORELEASING = YES;
				CLANG_WARN_BOOL_CONVERSION = YES;
				CLANG_WARN_COMMA = YES;
				CLANG_WARN_CONSTANT_CONVERSION = YES;
				CLANG_WARN_DEPRECATED_OBJC_IMPLEMENTATIONS = YES;
				CLANG_WARN_DIRECT_OBJC_ISA_USAGE = YES_ERROR;
				CLANG_WARN_DOCUMENTATION_COMMENTS = YES;
				CLANG_WARN_EMPTY_BODY = YES;
				CLANG_WARN_ENUM_CONVERSION = YES;
				CLANG_WARN_INFINITE_RECURSION = YES;
				CLANG_WARN_INT_CONVERSION = YES;
				CLANG_WARN_NON_LITERAL_NULL_CONVERSION = YES;
				CLANG_WARN_OBJC_IMPLICIT_RETAIN_SELF = YES;
				CLANG_WARN_OBJC_LITERAL_CONVERSION = YES;
				CLANG_WARN_OBJC_ROOT_CLASS = YES_ERROR;
				CLANG_WARN_QUOTED_INCLUDE_IN_FRAMEWORK_HEADER = YES;
				CLANG_WARN_RANGE_LOOP_ANALYSIS = YES;
				CLANG_WARN_STRICT_PROTOTYPES = YES;
				CLANG_WARN_SUSPICIOUS_MOVE = YES;
				CLANG_WARN_UNGUARDED_AVAILABILITY = YES_AGGRESSIVE;
				CLANG_WARN_UNREACHABLE_CODE = YES;
				CLANG_WARN__DUPLICATE_METHOD_MATCH = YES;
				COPY_PHASE_STRIP = NO;
				DEBUG_INFORMATION_FORMAT = dwarf;
				ENABLE_STRICT_OBJC_MSGSEND = YES;
				ENABLE_TESTABILITY = YES;
				ENABLE_USER_SCRIPT_SANDBOXING = YES;
				GCC_C_LANGUAGE_STANDARD = gnu17;
				GCC_DYNAMIC_NO_PIC = NO;
				GCC_NO_COMMON_BLOCKS = YES;
				GCC_OPTIMIZATION_LEVEL = 0;
				GCC_PREPROCESSOR_DEFINITIONS = (
					"DEBUG=1",
					"$(inherited)",
				);
				GCC_WARN_64_TO_32_BIT_CONVERSION = YES;
				GCC_WARN_ABOUT_RETURN_TYPE = YES_ERROR;
				GCC_WARN_UNDECLARED_SELECTOR = YES;
				GCC_WARN_UNINITIALIZED_AUTOS = YES_AGGRESSIVE;
				GCC_WARN_UNUSED_FUNCTION = YES;
				GCC_WARN_UNUSED_VARIABLE = YES;
				IPHONEOS_DEPLOYMENT_TARGET = 16.0;
				LOCALIZATION_PREFERS_STRING_CATALOGS = YES;
				MTL_ENABLE_DEBUG_INFO = INCLUDE_SOURCE;
				MTL_FAST_MATH = YES;
				ONLY_ACTIVE_ARCH = YES;
				SDKROOT = iphoneos;
				SWIFT_ACTIVE_COMPILATION_CONDITIONS = "DEBUG $(inherited)";
				SWIFT_OPTIMIZATION_LEVEL = "-Onone";
			};
			name = Debug;
		};
		12B72C5C2C7355AE00DCFE43 /* Release */ = {
			isa = XCBuildConfiguration;
			buildSettings = {
				ALWAYS_SEARCH_USER_PATHS = NO;
				ASSETCATALOG_COMPILER_GENERATE_SWIFT_ASSET_SYMBOL_EXTENSIONS = YES;
				CLANG_ANALYZER_LOCALIZABILITY_NONLOCALIZED = YES;
				CLANG_ANALYZER_NONNULL = YES;
				CLANG_ANALYZER_NUMBER_OBJECT_CONVERSION = YES_AGGRESSIVE;
				CLANG_CXX_LANGUAGE_STANDARD = "gnu++20";
				CLANG_ENABLE_MODULES = YES;
				CLANG_ENABLE_OBJC_ARC = YES;
				CLANG_ENABLE_OBJC_WEAK = YES;
				CLANG_WARN_BLOCK_CAPTURE_AUTORELEASING = YES;
				CLANG_WARN_BOOL_CONVERSION = YES;
				CLANG_WARN_COMMA = YES;
				CLANG_WARN_CONSTANT_CONVERSION = YES;
				CLANG_WARN_DEPRECATED_OBJC_IMPLEMENTATIONS = YES;
				CLANG_WARN_DIRECT_OBJC_ISA_USAGE = YES_ERROR;
				CLANG_WARN_DOCUMENTATION_COMMENTS = YES;
				CLANG_WARN_EMPTY_BODY = YES;
				CLANG_WARN_ENUM_CONVERSION = YES;
				CLANG_WARN_INFINITE_RECURSION = YES;
				CLANG_WARN_INT_CONVERSION = YES;
				CLANG_WARN_NON_LITERAL_NULL_CONVERSION = YES;
				CLANG_WARN_OBJC_IMPLICIT_RETAIN_SELF = YES;
				CLANG_WARN_OBJC_LITERAL_CONVERSION = YES;
				CLANG_WARN_OBJC_ROOT_CLASS = YES_ERROR;
				CLANG_WARN_QUOTED_INCLUDE_IN_FRAMEWORK_HEADER = YES;
				CLANG_WARN_RANGE_LOOP_ANALYSIS = YES;
				CLANG_WARN_STRICT_PROTOTYPES = YES;
				CLANG_WARN_SUSPICIOUS_MOVE = YES;
				CLANG_WARN_UNGUARDED_AVAILABILITY = YES_AGGRESSIVE;
				CLANG_WARN_UNREACHABLE_CODE = YES;
				CLANG_WARN__DUPLICATE_METHOD_MATCH = YES;
				COPY_PHASE_STRIP = NO;
				DEBUG_INFORMATION_FORMAT = "dwarf-with-dsym";
				ENABLE_NS_ASSERTIONS = NO;
				ENABLE_STRICT_OBJC_MSGSEND = YES;
				ENABLE_USER_SCRIPT_SANDBOXING = YES;
				GCC_C_LANGUAGE_STANDARD = gnu17;
				GCC_NO_COMMON_BLOCKS = YES;
				GCC_WARN_64_TO_32_BIT_CONVERSION = YES;
				GCC_WARN_ABOUT_RETURN_TYPE = YES_ERROR;
				GCC_WARN_UNDECLARED_SELECTOR = YES;
				GCC_WARN_UNINITIALIZED_AUTOS = YES_AGGRESSIVE;
				GCC_WARN_UNUSED_FUNCTION = YES;
				GCC_WARN_UNUSED_VARIABLE = YES;
				IPHONEOS_DEPLOYMENT_TARGET = 16.0;
				LOCALIZATION_PREFERS_STRING_CATALOGS = YES;
				MTL_ENABLE_DEBUG_INFO = NO;
				MTL_FAST_MATH = YES;
				SDKROOT = iphoneos;
				SWIFT_COMPILATION_MODE = wholemodule;
				VALIDATE_PRODUCT = YES;
			};
			name = Release;
		};
		12B72C5E2C7355AE00DCFE43 /* Debug */ = {
			isa = XCBuildConfiguration;
			baseConfigurationReference = EE4B4DFE92CBC1E26E2791E5 /* Pods-PrankMemo.debug.xcconfig */;
			buildSettings = {
				ASSETCATALOG_COMPILER_APPICON_NAME = AppIcon;
				ASSETCATALOG_COMPILER_GLOBAL_ACCENT_COLOR_NAME = AccentColor;
				CODE_SIGN_STYLE = Automatic;
				CURRENT_PROJECT_VERSION = 5;
				DEVELOPMENT_ASSET_PATHS = "\"PrankMemo/Preview Content\"";
				DEVELOPMENT_TEAM = CGD79LB65H;
				ENABLE_PREVIEWS = YES;
				ENABLE_USER_SCRIPT_SANDBOXING = NO;
				GENERATE_INFOPLIST_FILE = YES;
				INFOPLIST_FILE = PrankMemo/Info.plist;
				INFOPLIST_KEY_CFBundleDisplayName = "KEEP PLANK";
				INFOPLIST_KEY_LSApplicationCategoryType = "public.app-category.healthcare-fitness";
				INFOPLIST_KEY_UIApplicationSceneManifest_Generation = YES;
				INFOPLIST_KEY_UIApplicationSupportsIndirectInputEvents = YES;
				INFOPLIST_KEY_UILaunchScreen_Generation = YES;
				INFOPLIST_KEY_UISupportedInterfaceOrientations = UIInterfaceOrientationPortrait;
				INFOPLIST_KEY_UISupportedInterfaceOrientations_iPad = "UIInterfaceOrientationLandscapeLeft UIInterfaceOrientationLandscapeRight UIInterfaceOrientationPortrait UIInterfaceOrientationPortraitUpsideDown";
				INFOPLIST_KEY_UIUserInterfaceStyle = Light;
				IPHONEOS_DEPLOYMENT_TARGET = 16.0;
				LD_RUNPATH_SEARCH_PATHS = (
					"$(inherited)",
					"@executable_path/Frameworks",
				);
				MARKETING_VERSION = 1.0.1;
				PRODUCT_BUNDLE_IDENTIFIER = com.ame.PrankMemo;
				PRODUCT_NAME = "$(TARGET_NAME)";
				SUPPORTED_PLATFORMS = "iphoneos iphonesimulator";
				SUPPORTS_MACCATALYST = NO;
				SWIFT_EMIT_LOC_STRINGS = YES;
				SWIFT_VERSION = 5.0;
				TARGETED_DEVICE_FAMILY = 1;
			};
			name = Debug;
		};
		12B72C5F2C7355AE00DCFE43 /* Release */ = {
			isa = XCBuildConfiguration;
			baseConfigurationReference = CEC0119FBD0015C007FE2FE5 /* Pods-PrankMemo.release.xcconfig */;
			buildSettings = {
				ASSETCATALOG_COMPILER_APPICON_NAME = AppIcon;
				ASSETCATALOG_COMPILER_GLOBAL_ACCENT_COLOR_NAME = AccentColor;
				CODE_SIGN_STYLE = Automatic;
				CURRENT_PROJECT_VERSION = 5;
				DEVELOPMENT_ASSET_PATHS = "\"PrankMemo/Preview Content\"";
				DEVELOPMENT_TEAM = CGD79LB65H;
				ENABLE_PREVIEWS = YES;
				ENABLE_USER_SCRIPT_SANDBOXING = NO;
				GENERATE_INFOPLIST_FILE = YES;
				INFOPLIST_FILE = PrankMemo/Info.plist;
				INFOPLIST_KEY_CFBundleDisplayName = "KEEP PLANK";
				INFOPLIST_KEY_LSApplicationCategoryType = "public.app-category.healthcare-fitness";
				INFOPLIST_KEY_UIApplicationSceneManifest_Generation = YES;
				INFOPLIST_KEY_UIApplicationSupportsIndirectInputEvents = YES;
				INFOPLIST_KEY_UILaunchScreen_Generation = YES;
				INFOPLIST_KEY_UISupportedInterfaceOrientations = UIInterfaceOrientationPortrait;
				INFOPLIST_KEY_UISupportedInterfaceOrientations_iPad = "UIInterfaceOrientationLandscapeLeft UIInterfaceOrientationLandscapeRight UIInterfaceOrientationPortrait UIInterfaceOrientationPortraitUpsideDown";
				INFOPLIST_KEY_UIUserInterfaceStyle = Light;
				IPHONEOS_DEPLOYMENT_TARGET = 16.0;
				LD_RUNPATH_SEARCH_PATHS = (
					"$(inherited)",
					"@executable_path/Frameworks",
				);
				MARKETING_VERSION = 1.0.1;
				PRODUCT_BUNDLE_IDENTIFIER = com.ame.PrankMemo;
				PRODUCT_NAME = "$(TARGET_NAME)";
				SUPPORTED_PLATFORMS = "iphoneos iphonesimulator";
				SUPPORTS_MACCATALYST = NO;
				SWIFT_EMIT_LOC_STRINGS = YES;
				SWIFT_VERSION = 5.0;
				TARGETED_DEVICE_FAMILY = 1;
			};
			name = Release;
		};
/* End XCBuildConfiguration section */

/* Begin XCConfigurationList section */
		12B72C4A2C7355AD00DCFE43 /* Build configuration list for PBXProject "PrankMemo" */ = {
			isa = XCConfigurationList;
			buildConfigurations = (
				12B72C5B2C7355AE00DCFE43 /* Debug */,
				12B72C5C2C7355AE00DCFE43 /* Release */,
			);
			defaultConfigurationIsVisible = 0;
			defaultConfigurationName = Release;
		};
		12B72C5D2C7355AE00DCFE43 /* Build configuration list for PBXNativeTarget "PrankMemo" */ = {
			isa = XCConfigurationList;
			buildConfigurations = (
				12B72C5E2C7355AE00DCFE43 /* Debug */,
				12B72C5F2C7355AE00DCFE43 /* Release */,
			);
			defaultConfigurationIsVisible = 0;
			defaultConfigurationName = Release;
		};
/* End XCConfigurationList section */
	};
	rootObject = 12B72C472C7355AD00DCFE43 /* Project object */;
}
